
Microsoft Visual Studio Solution File, Format Version 12.00
# Visual Studio Version 17
VisualStudioVersion = 17.3.32929.385
MinimumVisualStudioVersion = 10.0.40219.1
Project("{FAE04EC0-301F-11D3-BF4B-00C04F79EFBC}") = "Checkpoint2", "Checkpoint2\Checkpoint2.csproj", "{A61555DD-0EE0-4843-BBB8-86E3D81FFEFC}"
EndProject
Global
	GlobalSection(SolutionConfigurationPlatforms) = preSolution
		Debug|Any CPU = Debug|Any CPU
		Release|Any CPU = Release|Any CPU
	EndGlobalSection
	GlobalSection(ProjectConfigurationPlatforms) = postSolution
		{A61555DD-0EE0-4843-BBB8-86E3D81FFEFC}.Debug|Any CPU.ActiveCfg = Debug|Any CPU
		{A61555DD-0EE0-4843-BBB8-86E3D81FFEFC}.Debug|Any CPU.Build.0 = Debug|Any CPU
		{A61555DD-0EE0-4843-BBB8-86E3D81FFEFC}.Release|Any CPU.ActiveCfg = Release|Any CPU
		{A61555DD-0EE0-4843-BBB8-86E3D81FFEFC}.Release|Any CPU.Build.0 = Release|Any CPU
	EndGlobalSection
	GlobalSection(SolutionProperties) = preSolution
		HideSolutionNode = FALSE
	EndGlobalSection
	GlobalSection(ExtensibilityGlobals) = postSolution
		SolutionGuid = {F3961A71-3FBB-4A47-8D00-6AC790372163}
	EndGlobalSection
EndGlobal
